
Microsoft Visual Studio Solution File, Format Version 12.00
# Visual Studio 14
VisualStudioVersion = 14.0.25420.1
MinimumVisualStudioVersion = 10.0.40219.1
Project("{8BB2217D-0F2D-49D1-97BC-3654ED321F3B}") = "LegacyOAuthConsumer", "LegacyOAuthConsumer\LegacyOAuthConsumer.xproj", "{07389EB2-19BF-4007-8221-0A9F8EF7EFB7}"
EndProject
Project("{8BB2217D-0F2D-49D1-97BC-3654ED321F3B}") = "LegacyOAuthConsumer.Test", "LegacyOAuthConsumer.Test\LegacyOAuthConsumer.Test.xproj", "{16E9E902-2BA4-4901-9E49-E7CF800ADBB8}"
EndProject
Global
	GlobalSection(SolutionConfigurationPlatforms) = preSolution
		Debug|Any CPU = Debug|Any CPU
		Release|Any CPU = Release|Any CPU
	EndGlobalSection
	GlobalSection(ProjectConfigurationPlatforms) = postSolution
		{07389EB2-19BF-4007-8221-0A9F8EF7EFB7}.Debug|Any CPU.ActiveCfg = Debug|Any CPU
		{07389EB2-19BF-4007-8221-0A9F8EF7EFB7}.Debug|Any CPU.Build.0 = Debug|Any CPU
		{07389EB2-19BF-4007-8221-0A9F8EF7EFB7}.Release|Any CPU.ActiveCfg = Release|Any CPU
		{07389EB2-19BF-4007-8221-0A9F8EF7EFB7}.Release|Any CPU.Build.0 = Release|Any CPU
		{16E9E902-2BA4-4901-9E49-E7CF800ADBB8}.Debug|Any CPU.ActiveCfg = Debug|Any CPU
		{16E9E902-2BA4-4901-9E49-E7CF800ADBB8}.Debug|Any CPU.Build.0 = Debug|Any CPU
		{16E9E902-2BA4-4901-9E49-E7CF800ADBB8}.Release|Any CPU.ActiveCfg = Release|Any CPU
		{16E9E902-2BA4-4901-9E49-E7CF800ADBB8}.Release|Any CPU.Build.0 = Release|Any CPU
	EndGlobalSection
	GlobalSection(SolutionProperties) = preSolution
		HideSolutionNode = FALSE
	EndGlobalSection
EndGlobal
